
Microsoft Visual Studio Solution File, Format Version 12.00
# Visual Studio Version 17
VisualStudioVersion = 17.3.32819.101
MinimumVisualStudioVersion = 10.0.40219.1
Project("{FAE04EC0-301F-11D3-BF4B-00C04F79EFBC}") = "ChitayGorod", "ChitayGorod\ChitayGorod.csproj", "{5E1516F2-A263-441D-BEA3-0A327DDB39C3}"
EndProject
Global
	GlobalSection(SolutionConfigurationPlatforms) = preSolution
		Debug|Any CPU = Debug|Any CPU
		Release|Any CPU = Release|Any CPU
	EndGlobalSection
	GlobalSection(ProjectConfigurationPlatforms) = postSolution
		{5E1516F2-A263-441D-BEA3-0A327DDB39C3}.Debug|Any CPU.ActiveCfg = Debug|Any CPU
		{5E1516F2-A263-441D-BEA3-0A327DDB39C3}.Debug|Any CPU.Build.0 = Debug|Any CPU
		{5E1516F2-A263-441D-BEA3-0A327DDB39C3}.Release|Any CPU.ActiveCfg = Release|Any CPU
		{5E1516F2-A263-441D-BEA3-0A327DDB39C3}.Release|Any CPU.Build.0 = Release|Any CPU
	EndGlobalSection
	GlobalSection(SolutionProperties) = preSolution
		HideSolutionNode = FALSE
	EndGlobalSection
	GlobalSection(ExtensibilityGlobals) = postSolution
		SolutionGuid = {DFEFC7F1-DC11-4142-BA59-0288E6A4CC34}
	EndGlobalSection
EndGlobal
